// !$*UTF8*$!
{
	archiveVersion = 1;
	classes = {
	};
	objectVersion = 50;
	objects = {

/* Begin PBXBuildFile section */
		2F9A040E263A3B3C001704CE /* AfricaApp.swift in Sources */ = {isa = PBXBuildFile; fileRef = 2F9A040D263A3B3C001704CE /* AfricaApp.swift */; };
		2F9A0410263A3B3C001704CE /* ContentView.swift in Sources */ = {isa = PBXBuildFile; fileRef = 2F9A040F263A3B3C001704CE /* ContentView.swift */; };
		2F9A0412263A3B3F001704CE /* Assets.xcassets in Resources */ = {isa = PBXBuildFile; fileRef = 2F9A0411263A3B3F001704CE /* Assets.xcassets */; };
		2F9A0415263A3B3F001704CE /* Preview Assets.xcassets in Resources */ = {isa = PBXBuildFile; fileRef = 2F9A0414263A3B3F001704CE /* Preview Assets.xcassets */; };
		2F9E752A2641E35E00E7EC31 /* CodableBundleExtension.swift in Sources */ = {isa = PBXBuildFile; fileRef = 2F9E75292641E35E00E7EC31 /* CodableBundleExtension.swift */; };
		2F9E752E2641E64500E7EC31 /* AnimalListView.swift in Sources */ = {isa = PBXBuildFile; fileRef = 2F9E752D2641E64500E7EC31 /* AnimalListView.swift */; };
		2F9E75322641E7E500E7EC31 /* AnimalModel.swift in Sources */ = {isa = PBXBuildFile; fileRef = 2F9E75312641E7E500E7EC31 /* AnimalModel.swift */; };
		2F9E75352641EBB900E7EC31 /* AnimalDetailView.swift in Sources */ = {isa = PBXBuildFile; fileRef = 2F9E75342641EBB900E7EC31 /* AnimalDetailView.swift */; };
		2F9E75382641EDB600E7EC31 /* HeadingView.swift in Sources */ = {isa = PBXBuildFile; fileRef = 2F9E75372641EDB600E7EC31 /* HeadingView.swift */; };
		2F9E753B2641EE8E00E7EC31 /* InsetGalleryView.swift in Sources */ = {isa = PBXBuildFile; fileRef = 2F9E753A2641EE8E00E7EC31 /* InsetGalleryView.swift */; };
		2FB0BD90263B781600993F93 /* locations.json in Resources */ = {isa = PBXBuildFile; fileRef = 2FB0BD8C263B781500993F93 /* locations.json */; };
		2FB0BD91263B781600993F93 /* videos.json in Resources */ = {isa = PBXBuildFile; fileRef = 2FB0BD8D263B781500993F93 /* videos.json */; };
		2FB0BD92263B781600993F93 /* covers.json in Resources */ = {isa = PBXBuildFile; fileRef = 2FB0BD8E263B781600993F93 /* covers.json */; };
		2FB0BD93263B781600993F93 /* animals.json in Resources */ = {isa = PBXBuildFile; fileRef = 2FB0BD8F263B781600993F93 /* animals.json */; };
		2FB0BDA3263B79B800993F93 /* VideoListView.swift in Sources */ = {isa = PBXBuildFile; fileRef = 2FB0BDA2263B79B800993F93 /* VideoListView.swift */; };
		2FB0BDA6263B79C600993F93 /* MapView.swift in Sources */ = {isa = PBXBuildFile; fileRef = 2FB0BDA5263B79C600993F93 /* MapView.swift */; };
		2FB0BDA9263B79D000993F93 /* GalleryView.swift in Sources */ = {isa = PBXBuildFile; fileRef = 2FB0BDA8263B79D000993F93 /* GalleryView.swift */; };
		2FB0BDAC263B79D900993F93 /* MainView.swift in Sources */ = {isa = PBXBuildFile; fileRef = 2FB0BDAB263B79D900993F93 /* MainView.swift */; };
		2FB0BDB0263B7B3500993F93 /* CoverImageView.swift in Sources */ = {isa = PBXBuildFile; fileRef = 2FB0BDAF263B7B3500993F93 /* CoverImageView.swift */; };
		2FB0BDB4263B7D2A00993F93 /* CoverImageModel.swift in Sources */ = {isa = PBXBuildFile; fileRef = 2FB0BDB3263B7D2A00993F93 /* CoverImageModel.swift */; };
		2FCD3A562656C1B0003B622E /* InsetFactView.swift in Sources */ = {isa = PBXBuildFile; fileRef = 2FCD3A552656C1B0003B622E /* InsetFactView.swift */; };
		2FCD3A5D2656DA2F003B622E /* InsetMapView.swift in Sources */ = {isa = PBXBuildFile; fileRef = 2FCD3A5C2656DA2F003B622E /* InsetMapView.swift */; };
/* End PBXBuildFile section */

/* Begin PBXFileReference section */
		2F9A040A263A3B3C001704CE /* Africa.app */ = {isa = PBXFileReference; explicitFileType = wrapper.application; includeInIndex = 0; path = Africa.app; sourceTree = BUILT_PRODUCTS_DIR; };
		2F9A040D263A3B3C001704CE /* AfricaApp.swift */ = {isa = PBXFileReference; lastKnownFileType = sourcecode.swift; path = AfricaApp.swift; sourceTree = "<group>"; };
		2F9A040F263A3B3C001704CE /* ContentView.swift */ = {isa = PBXFileReference; lastKnownFileType = sourcecode.swift; path = ContentView.swift; sourceTree = "<group>"; };
		2F9A0411263A3B3F001704CE /* Assets.xcassets */ = {isa = PBXFileReference; lastKnownFileType = folder.assetcatalog; path = Assets.xcassets; sourceTree = "<group>"; };
		2F9A0414263A3B3F001704CE /* Preview Assets.xcassets */ = {isa = PBXFileReference; lastKnownFileType = folder.assetcatalog; path = "Preview Assets.xcassets"; sourceTree = "<group>"; };
		2F9A0416263A3B3F001704CE /* Info.plist */ = {isa = PBXFileReference; lastKnownFileType = text.plist.xml; path = Info.plist; sourceTree = "<group>"; };
		2F9E75292641E35E00E7EC31 /* CodableBundleExtension.swift */ = {isa = PBXFileReference; lastKnownFileType = sourcecode.swift; path = CodableBundleExtension.swift; sourceTree = "<group>"; };
		2F9E752D2641E64500E7EC31 /* AnimalListView.swift */ = {isa = PBXFileReference; lastKnownFileType = sourcecode.swift; path = AnimalListView.swift; sourceTree = "<group>"; };
		2F9E75312641E7E500E7EC31 /* AnimalModel.swift */ = {isa = PBXFileReference; lastKnownFileType = sourcecode.swift; path = AnimalModel.swift; sourceTree = "<group>"; };
		2F9E75342641EBB900E7EC31 /* AnimalDetailView.swift */ = {isa = PBXFileReference; lastKnownFileType = sourcecode.swift; path = AnimalDetailView.swift; sourceTree = "<group>"; };
		2F9E75372641EDB600E7EC31 /* HeadingView.swift */ = {isa = PBXFileReference; lastKnownFileType = sourcecode.swift; path = HeadingView.swift; sourceTree = "<group>"; };
		2F9E753A2641EE8E00E7EC31 /* InsetGalleryView.swift */ = {isa = PBXFileReference; lastKnownFileType = sourcecode.swift; path = InsetGalleryView.swift; sourceTree = "<group>"; };
		2FB0BD8C263B781500993F93 /* locations.json */ = {isa = PBXFileReference; fileEncoding = 4; lastKnownFileType = text.json; path = locations.json; sourceTree = "<group>"; };
		2FB0BD8D263B781500993F93 /* videos.json */ = {isa = PBXFileReference; fileEncoding = 4; lastKnownFileType = text.json; path = videos.json; sourceTree = "<group>"; };
		2FB0BD8E263B781600993F93 /* covers.json */ = {isa = PBXFileReference; fileEncoding = 4; lastKnownFileType = text.json; path = covers.json; sourceTree = "<group>"; };
		2FB0BD8F263B781600993F93 /* animals.json */ = {isa = PBXFileReference; fileEncoding = 4; lastKnownFileType = text.json; path = animals.json; sourceTree = "<group>"; };
		2FB0BD95263B78B300993F93 /* hippo.mp4 */ = {isa = PBXFileReference; lastKnownFileType = file; path = hippo.mp4; sourceTree = "<group>"; };
		2FB0BD96263B78B400993F93 /* giraffe.mp4 */ = {isa = PBXFileReference; lastKnownFileType = file; path = giraffe.mp4; sourceTree = "<group>"; };
		2FB0BD97263B78B500993F93 /* ostrich.mp4 */ = {isa = PBXFileReference; lastKnownFileType = file; path = ostrich.mp4; sourceTree = "<group>"; };
		2FB0BD98263B78B500993F93 /* rhino.mp4 */ = {isa = PBXFileReference; lastKnownFileType = file; path = rhino.mp4; sourceTree = "<group>"; };
		2FB0BD99263B78B600993F93 /* zebra.mp4 */ = {isa = PBXFileReference; lastKnownFileType = file; path = zebra.mp4; sourceTree = "<group>"; };
		2FB0BD9A263B78B600993F93 /* lion.mp4 */ = {isa = PBXFileReference; lastKnownFileType = file; path = lion.mp4; sourceTree = "<group>"; };
		2FB0BD9B263B78B700993F93 /* gorilla.mp4 */ = {isa = PBXFileReference; lastKnownFileType = file; path = gorilla.mp4; sourceTree = "<group>"; };
		2FB0BD9C263B78B800993F93 /* elephant.mp4 */ = {isa = PBXFileReference; lastKnownFileType = file; path = elephant.mp4; sourceTree = "<group>"; };
		2FB0BD9D263B78B900993F93 /* cheetah.mp4 */ = {isa = PBXFileReference; lastKnownFileType = file; path = cheetah.mp4; sourceTree = "<group>"; };
		2FB0BD9E263B78BA00993F93 /* lioness.mp4 */ = {isa = PBXFileReference; lastKnownFileType = file; path = lioness.mp4; sourceTree = "<group>"; };
		2FB0BDA2263B79B800993F93 /* VideoListView.swift */ = {isa = PBXFileReference; lastKnownFileType = sourcecode.swift; path = VideoListView.swift; sourceTree = "<group>"; };
		2FB0BDA5263B79C600993F93 /* MapView.swift */ = {isa = PBXFileReference; lastKnownFileType = sourcecode.swift; path = MapView.swift; sourceTree = "<group>"; };
		2FB0BDA8263B79D000993F93 /* GalleryView.swift */ = {isa = PBXFileReference; lastKnownFileType = sourcecode.swift; path = GalleryView.swift; sourceTree = "<group>"; };
		2FB0BDAB263B79D900993F93 /* MainView.swift */ = {isa = PBXFileReference; lastKnownFileType = sourcecode.swift; path = MainView.swift; sourceTree = "<group>"; };
		2FB0BDAF263B7B3500993F93 /* CoverImageView.swift */ = {isa = PBXFileReference; lastKnownFileType = sourcecode.swift; path = CoverImageView.swift; sourceTree = "<group>"; };
		2FB0BDB3263B7D2A00993F93 /* CoverImageModel.swift */ = {isa = PBXFileReference; lastKnownFileType = sourcecode.swift; path = CoverImageModel.swift; sourceTree = "<group>"; };
		2FCD3A552656C1B0003B622E /* InsetFactView.swift */ = {isa = PBXFileReference; lastKnownFileType = sourcecode.swift; path = InsetFactView.swift; sourceTree = "<group>"; };
		2FCD3A5C2656DA2F003B622E /* InsetMapView.swift */ = {isa = PBXFileReference; lastKnownFileType = sourcecode.swift; path = InsetMapView.swift; sourceTree = "<group>"; };
/* End PBXFileReference section */

/* Begin PBXFrameworksBuildPhase section */
		2F9A0407263A3B3C001704CE /* Frameworks */ = {
			isa = PBXFrameworksBuildPhase;
			buildActionMask = 2147483647;
			files = (
			);
			runOnlyForDeploymentPostprocessing = 0;
		};
/* End PBXFrameworksBuildPhase section */

/* Begin PBXGroup section */
		2F9A0401263A3B3C001704CE = {
			isa = PBXGroup;
			children = (
				2F9A040C263A3B3C001704CE /* Africa */,
				2F9A040B263A3B3C001704CE /* Products */,
			);
			sourceTree = "<group>";
		};
		2F9A040B263A3B3C001704CE /* Products */ = {
			isa = PBXGroup;
			children = (
				2F9A040A263A3B3C001704CE /* Africa.app */,
			);
			name = Products;
			sourceTree = "<group>";
		};
		2F9A040C263A3B3C001704CE /* Africa */ = {
			isa = PBXGroup;
			children = (
				2F9E75282641E34D00E7EC31 /* Extension */,
				2FB0BDB2263B7D1C00993F93 /* Model */,
				2FB0BDAE263B7B2900993F93 /* View */,
				2FB0BD8B263B780700993F93 /* Data */,
				2F9A041F263A3F17001704CE /* Video */,
				2FB0BD9F263B797E00993F93 /* App */,
				2F9A0411263A3B3F001704CE /* Assets.xcassets */,
				2F9A0416263A3B3F001704CE /* Info.plist */,
				2F9A0413263A3B3F001704CE /* Preview Content */,
			);
			path = Africa;
			sourceTree = "<group>";
		};
		2F9A0413263A3B3F001704CE /* Preview Content */ = {
			isa = PBXGroup;
			children = (
				2F9A0414263A3B3F001704CE /* Preview Assets.xcassets */,
			);
			path = "Preview Content";
			sourceTree = "<group>";
		};
		2F9A041F263A3F17001704CE /* Video */ = {
			isa = PBXGroup;
			children = (
				2FB0BD9D263B78B900993F93 /* cheetah.mp4 */,
				2FB0BD9C263B78B800993F93 /* elephant.mp4 */,
				2FB0BD96263B78B400993F93 /* giraffe.mp4 */,
				2FB0BD9B263B78B700993F93 /* gorilla.mp4 */,
				2FB0BD95263B78B300993F93 /* hippo.mp4 */,
				2FB0BD9A263B78B600993F93 /* lion.mp4 */,
				2FB0BD9E263B78BA00993F93 /* lioness.mp4 */,
				2FB0BD97263B78B500993F93 /* ostrich.mp4 */,
				2FB0BD98263B78B500993F93 /* rhino.mp4 */,
				2FB0BD99263B78B600993F93 /* zebra.mp4 */,
			);
			path = Video;
			sourceTree = "<group>";
		};
		2F9E75282641E34D00E7EC31 /* Extension */ = {
			isa = PBXGroup;
			children = (
				2F9E75292641E35E00E7EC31 /* CodableBundleExtension.swift */,
			);
			path = Extension;
			sourceTree = "<group>";
		};
		2FB0BD8B263B780700993F93 /* Data */ = {
			isa = PBXGroup;
			children = (
				2FB0BD8F263B781600993F93 /* animals.json */,
				2FB0BD8E263B781600993F93 /* covers.json */,
				2FB0BD8C263B781500993F93 /* locations.json */,
				2FB0BD8D263B781500993F93 /* videos.json */,
			);
			path = Data;
			sourceTree = "<group>";
		};
		2FB0BD9F263B797E00993F93 /* App */ = {
			isa = PBXGroup;
			children = (
				2F9A040D263A3B3C001704CE /* AfricaApp.swift */,
				2F9A040F263A3B3C001704CE /* ContentView.swift */,
				2FB0BDA2263B79B800993F93 /* VideoListView.swift */,
				2FB0BDA5263B79C600993F93 /* MapView.swift */,
				2FB0BDA8263B79D000993F93 /* GalleryView.swift */,
				2FB0BDAB263B79D900993F93 /* MainView.swift */,
			);
			path = App;
			sourceTree = "<group>";
		};
		2FB0BDAE263B7B2900993F93 /* View */ = {
			isa = PBXGroup;
			children = (
				2FB0BDAF263B7B3500993F93 /* CoverImageView.swift */,
				2F9E752D2641E64500E7EC31 /* AnimalListView.swift */,
				2F9E75342641EBB900E7EC31 /* AnimalDetailView.swift */,
				2F9E75372641EDB600E7EC31 /* HeadingView.swift */,
				2F9E753A2641EE8E00E7EC31 /* InsetGalleryView.swift */,
				2FCD3A552656C1B0003B622E /* InsetFactView.swift */,
				2FCD3A5C2656DA2F003B622E /* InsetMapView.swift */,
			);
			path = View;
			sourceTree = "<group>";
		};
		2FB0BDB2263B7D1C00993F93 /* Model */ = {
			isa = PBXGroup;
			children = (
				2FB0BDB3263B7D2A00993F93 /* CoverImageModel.swift */,
				2F9E75312641E7E500E7EC31 /* AnimalModel.swift */,
			);
			path = Model;
			sourceTree = "<group>";
		};
/* End PBXGroup section */

/* Begin PBXNativeTarget section */
		2F9A0409263A3B3C001704CE /* Africa */ = {
			isa = PBXNativeTarget;
			buildConfigurationList = 2F9A0419263A3B3F001704CE /* Build configuration list for PBXNativeTarget "Africa" */;
			buildPhases = (
				2F9A0406263A3B3C001704CE /* Sources */,
				2F9A0407263A3B3C001704CE /* Frameworks */,
				2F9A0408263A3B3C001704CE /* Resources */,
			);
			buildRules = (
			);
			dependencies = (
			);
			name = Africa;
			productName = Africa;
			productReference = 2F9A040A263A3B3C001704CE /* Africa.app */;
			productType = "com.apple.product-type.application";
		};
/* End PBXNativeTarget section */

/* Begin PBXProject section */
		2F9A0402263A3B3C001704CE /* Project object */ = {
			isa = PBXProject;
			attributes = {
				LastSwiftUpdateCheck = 1240;
				LastUpgradeCheck = 1240;
				TargetAttributes = {
					2F9A0409263A3B3C001704CE = {
						CreatedOnToolsVersion = 12.4;
					};
				};
			};
			buildConfigurationList = 2F9A0405263A3B3C001704CE /* Build configuration list for PBXProject "Africa" */;
			compatibilityVersion = "Xcode 9.3";
			developmentRegion = en;
			hasScannedForEncodings = 0;
			knownRegions = (
				en,
				Base,
			);
			mainGroup = 2F9A0401263A3B3C001704CE;
			productRefGroup = 2F9A040B263A3B3C001704CE /* Products */;
			projectDirPath = "";
			projectRoot = "";
			targets = (
				2F9A0409263A3B3C001704CE /* Africa */,
			);
		};
/* End PBXProject section */

/* Begin PBXResourcesBuildPhase section */
		2F9A0408263A3B3C001704CE /* Resources */ = {
			isa = PBXResourcesBuildPhase;
			buildActionMask = 2147483647;
			files = (
				2FB0BD92263B781600993F93 /* covers.json in Resources */,
				2F9A0415263A3B3F001704CE /* Preview Assets.xcassets in Resources */,
				2FB0BD91263B781600993F93 /* videos.json in Resources */,
				2FB0BD93263B781600993F93 /* animals.json in Resources */,
				2FB0BD90263B781600993F93 /* locations.json in Resources */,
				2F9A0412263A3B3F001704CE /* Assets.xcassets in Resources */,
			);
			runOnlyForDeploymentPostprocessing = 0;
		};
/* End PBXResourcesBuildPhase section */

/* Begin PBXSourcesBuildPhase section */
		2F9A0406263A3B3C001704CE /* Sources */ = {
			isa = PBXSourcesBuildPhase;
			buildActionMask = 2147483647;
			files = (
				2F9E752E2641E64500E7EC31 /* AnimalListView.swift in Sources */,
				2F9A0410263A3B3C001704CE /* ContentView.swift in Sources */,
				2FB0BDAC263B79D900993F93 /* MainView.swift in Sources */,
				2FCD3A562656C1B0003B622E /* InsetFactView.swift in Sources */,
				2FB0BDB0263B7B3500993F93 /* CoverImageView.swift in Sources */,
				2FB0BDB4263B7D2A00993F93 /* CoverImageModel.swift in Sources */,
				2F9E75352641EBB900E7EC31 /* AnimalDetailView.swift in Sources */,
				2F9E75322641E7E500E7EC31 /* AnimalModel.swift in Sources */,
				2FB0BDA6263B79C600993F93 /* MapView.swift in Sources */,
				2FCD3A5D2656DA2F003B622E /* InsetMapView.swift in Sources */,
				2F9A040E263A3B3C001704CE /* AfricaApp.swift in Sources */,
				2FB0BDA3263B79B800993F93 /* VideoListView.swift in Sources */,
				2FB0BDA9263B79D000993F93 /* GalleryView.swift in Sources */,
				2F9E753B2641EE8E00E7EC31 /* InsetGalleryView.swift in Sources */,
				2F9E752A2641E35E00E7EC31 /* CodableBundleExtension.swift in Sources */,
				2F9E75382641EDB600E7EC31 /* HeadingView.swift in Sources */,
			);
			runOnlyForDeploymentPostprocessing = 0;
		};
/* End PBXSourcesBuildPhase section */

/* Begin XCBuildConfiguration section */
		2F9A0417263A3B3F001704CE /* Debug */ = {
			isa = XCBuildConfiguration;
			buildSettings = {
				ALWAYS_SEARCH_USER_PATHS = NO;
				CLANG_ANALYZER_NONNULL = YES;
				CLANG_ANALYZER_NUMBER_OBJECT_CONVERSION = YES_AGGRESSIVE;
				CLANG_CXX_LANGUAGE_STANDARD = "gnu++14";
				CLANG_CXX_LIBRARY = "libc++";
				CLANG_ENABLE_MODULES = YES;
				CLANG_ENABLE_OBJC_ARC = YES;
				CLANG_ENABLE_OBJC_WEAK = YES;
				CLANG_WARN_BLOCK_CAPTURE_AUTORELEASING = YES;
				CLANG_WARN_BOOL_CONVERSION = YES;
				CLANG_WARN_COMMA = YES;
				CLANG_WARN_CONSTANT_CONVERSION = YES;
				CLANG_WARN_DEPRECATED_OBJC_IMPLEMENTATIONS = YES;
				CLANG_WARN_DIRECT_OBJC_ISA_USAGE = YES_ERROR;
				CLANG_WARN_DOCUMENTATION_COMMENTS = YES;
				CLANG_WARN_EMPTY_BODY = YES;
				CLANG_WARN_ENUM_CONVERSION = YES;
				CLANG_WARN_INFINITE_RECURSION = YES;
				CLANG_WARN_INT_CONVERSION = YES;
				CLANG_WARN_NON_LITERAL_NULL_CONVERSION = YES;
				CLANG_WARN_OBJC_IMPLICIT_RETAIN_SELF = YES;
				CLANG_WARN_OBJC_LITERAL_CONVERSION = YES;
				CLANG_WARN_OBJC_ROOT_CLASS = YES_ERROR;
				CLANG_WARN_QUOTED_INCLUDE_IN_FRAMEWORK_HEADER = YES;
				CLANG_WARN_RANGE_LOOP_ANALYSIS = YES;
				CLANG_WARN_STRICT_PROTOTYPES = YES;
				CLANG_WARN_SUSPICIOUS_MOVE = YES;
				CLANG_WARN_UNGUARDED_AVAILABILITY = YES_AGGRESSIVE;
				CLANG_WARN_UNREACHABLE_CODE = YES;
				CLANG_WARN__DUPLICATE_METHOD_MATCH = YES;
				COPY_PHASE_STRIP = NO;
				DEBUG_INFORMATION_FORMAT = dwarf;
				ENABLE_STRICT_OBJC_MSGSEND = YES;
				ENABLE_TESTABILITY = YES;
				GCC_C_LANGUAGE_STANDARD = gnu11;
				GCC_DYNAMIC_NO_PIC = NO;
				GCC_NO_COMMON_BLOCKS = YES;
				GCC_OPTIMIZATION_LEVEL = 0;
				GCC_PREPROCESSOR_DEFINITIONS = (
					"DEBUG=1",
					"$(inherited)",
				);
				GCC_WARN_64_TO_32_BIT_CONVERSION = YES;
				GCC_WARN_ABOUT_RETURN_TYPE = YES_ERROR;
				GCC_WARN_UNDECLARED_SELECTOR = YES;
				GCC_WARN_UNINITIALIZED_AUTOS = YES_AGGRESSIVE;
				GCC_WARN_UNUSED_FUNCTION = YES;
				GCC_WARN_UNUSED_VARIABLE = YES;
				IPHONEOS_DEPLOYMENT_TARGET = 14.4;
				MTL_ENABLE_DEBUG_INFO = INCLUDE_SOURCE;
				MTL_FAST_MATH = YES;
				ONLY_ACTIVE_ARCH = YES;
				SDKROOT = iphoneos;
				SWIFT_ACTIVE_COMPILATION_CONDITIONS = DEBUG;
				SWIFT_OPTIMIZATION_LEVEL = "-Onone";
			};
			name = Debug;
		};
		2F9A0418263A3B3F001704CE /* Release */ = {
			isa = XCBuildConfiguration;
			buildSettings = {
				ALWAYS_SEARCH_USER_PATHS = NO;
				CLANG_ANALYZER_NONNULL = YES;
				CLANG_ANALYZER_NUMBER_OBJECT_CONVERSION = YES_AGGRESSIVE;
				CLANG_CXX_LANGUAGE_STANDARD = "gnu++14";
				CLANG_CXX_LIBRARY = "libc++";
				CLANG_ENABLE_MODULES = YES;
				CLANG_ENABLE_OBJC_ARC = YES;
				CLANG_ENABLE_OBJC_WEAK = YES;
				CLANG_WARN_BLOCK_CAPTURE_AUTORELEASING = YES;
				CLANG_WARN_BOOL_CONVERSION = YES;
				CLANG_WARN_COMMA = YES;
				CLANG_WARN_CONSTANT_CONVERSION = YES;
				CLANG_WARN_DEPRECATED_OBJC_IMPLEMENTATIONS = YES;
				CLANG_WARN_DIRECT_OBJC_ISA_USAGE = YES_ERROR;
				CLANG_WARN_DOCUMENTATION_COMMENTS = YES;
				CLANG_WARN_EMPTY_BODY = YES;
				CLANG_WARN_ENUM_CONVERSION = YES;
				CLANG_WARN_INFINITE_RECURSION = YES;
				CLANG_WARN_INT_CONVERSION = YES;
				CLANG_WARN_NON_LITERAL_NULL_CONVERSION = YES;
				CLANG_WARN_OBJC_IMPLICIT_RETAIN_SELF = YES;
				CLANG_WARN_OBJC_LITERAL_CONVERSION = YES;
				CLANG_WARN_OBJC_ROOT_CLASS = YES_ERROR;
				CLANG_WARN_QUOTED_INCLUDE_IN_FRAMEWORK_HEADER = YES;
				CLANG_WARN_RANGE_LOOP_ANALYSIS = YES;
				CLANG_WARN_STRICT_PROTOTYPES = YES;
				CLANG_WARN_SUSPICIOUS_MOVE = YES;
				CLANG_WARN_UNGUARDED_AVAILABILITY = YES_AGGRESSIVE;
				CLANG_WARN_UNREACHABLE_CODE = YES;
				CLANG_WARN__DUPLICATE_METHOD_MATCH = YES;
				COPY_PHASE_STRIP = NO;
				DEBUG_INFORMATION_FORMAT = "dwarf-with-dsym";
				ENABLE_NS_ASSERTIONS = NO;
				ENABLE_STRICT_OBJC_MSGSEND = YES;
				GCC_C_LANGUAGE_STANDARD = gnu11;
				GCC_NO_COMMON_BLOCKS = YES;
				GCC_WARN_64_TO_32_BIT_CONVERSION = YES;
				GCC_WARN_ABOUT_RETURN_TYPE = YES_ERROR;
				GCC_WARN_UNDECLARED_SELECTOR = YES;
				GCC_WARN_UNINITIALIZED_AUTOS = YES_AGGRESSIVE;
				GCC_WARN_UNUSED_FUNCTION = YES;
				GCC_WARN_UNUSED_VARIABLE = YES;
				IPHONEOS_DEPLOYMENT_TARGET = 14.4;
				MTL_ENABLE_DEBUG_INFO = NO;
				MTL_FAST_MATH = YES;
				SDKROOT = iphoneos;
				SWIFT_COMPILATION_MODE = wholemodule;
				SWIFT_OPTIMIZATION_LEVEL = "-O";
				VALIDATE_PRODUCT = YES;
			};
			name = Release;
		};
		2F9A041A263A3B3F001704CE /* Debug */ = {
			isa = XCBuildConfiguration;
			buildSettings = {
				ASSETCATALOG_COMPILER_APPICON_NAME = AppIcon;
				ASSETCATALOG_COMPILER_GLOBAL_ACCENT_COLOR_NAME = AccentColor;
				CODE_SIGN_STYLE = Automatic;
				DEVELOPMENT_ASSET_PATHS = "\"Africa/Preview Content\"";
				DEVELOPMENT_TEAM = H5K8CL3D92;
				ENABLE_PREVIEWS = YES;
				INFOPLIST_FILE = Africa/Info.plist;
				IPHONEOS_DEPLOYMENT_TARGET = 14.0;
				LD_RUNPATH_SEARCH_PATHS = (
					"$(inherited)",
					"@executable_path/Frameworks",
				);
				PRODUCT_BUNDLE_IDENTIFIER = mzellhuber.Africa;
				PRODUCT_NAME = "$(TARGET_NAME)";
				SWIFT_VERSION = 5.0;
				TARGETED_DEVICE_FAMILY = "1,2";
			};
			name = Debug;
		};
		2F9A041B263A3B3F001704CE /* Release */ = {
			isa = XCBuildConfiguration;
			buildSettings = {
				ASSETCATALOG_COMPILER_APPICON_NAME = AppIcon;
				ASSETCATALOG_COMPILER_GLOBAL_ACCENT_COLOR_NAME = AccentColor;
				CODE_SIGN_STYLE = Automatic;
				DEVELOPMENT_ASSET_PATHS = "\"Africa/Preview Content\"";
				DEVELOPMENT_TEAM = H5K8CL3D92;
				ENABLE_PREVIEWS = YES;
				INFOPLIST_FILE = Africa/Info.plist;
				IPHONEOS_DEPLOYMENT_TARGET = 14.0;
				LD_RUNPATH_SEARCH_PATHS = (
					"$(inherited)",
					"@executable_path/Frameworks",
				);
				PRODUCT_BUNDLE_IDENTIFIER = mzellhuber.Africa;
				PRODUCT_NAME = "$(TARGET_NAME)";
				SWIFT_VERSION = 5.0;
				TARGETED_DEVICE_FAMILY = "1,2";
			};
			name = Release;
		};
/* End XCBuildConfiguration section */

/* Begin XCConfigurationList section */
		2F9A0405263A3B3C001704CE /* Build configuration list for PBXProject "Africa" */ = {
			isa = XCConfigurationList;
			buildConfigurations = (
				2F9A0417263A3B3F001704CE /* Debug */,
				2F9A0418263A3B3F001704CE /* Release */,
			);
			defaultConfigurationIsVisible = 0;
			defaultConfigurationName = Release;
		};
		2F9A0419263A3B3F001704CE /* Build configuration list for PBXNativeTarget "Africa" */ = {
			isa = XCConfigurationList;
			buildConfigurations = (
				2F9A041A263A3B3F001704CE /* Debug */,
				2F9A041B263A3B3F001704CE /* Release */,
			);
			defaultConfigurationIsVisible = 0;
			defaultConfigurationName = Release;
		};
/* End XCConfigurationList section */
	};
	rootObject = 2F9A0402263A3B3C001704CE /* Project object */;
}
